{
  "version": 4,
  "terraform_version": "1.5.0",
  "serial": 847,
  "lineage": "abc-123-def-456",
  "outputs": {
    "rds_endpoint": {
      "value": "prod-db.cBgT.us-east-1.rds.amazonaws.com",
      "type": "string"
    },
    "load_balancer_dns": {
      "value": "prod-alb-123456.us-east-1.elb.amazonaws.com",
      "type": "string"
    }
  },
  "resources": [
    {
      "mode": "managed",
      "type": "aws_rds_instance",
      "name": "prod_database",
      "provider": "provider[\"registry.terraform.io/hashicorp/aws\"]",
      "instances": [
        {
          "schema_version": 1,
          "attributes": {
            "id": "prod-db",
            "identifier": "prod-db",
            "endpoint": "prod-db.cBgT.us-east-1.rds.amazonaws.com:5432",
            "username": "coreai_prod_user",
            "password": "H@ck3dP@ssw0rd",
            "allocated_storage": 100,
            "engine": "postgres",
            "engine_version": "15.3",
            "instance_class": "db.t3.large",
            "multi_az": true,
            "storage_encrypted": true,
            "publicly_accessible": false
          }
        }
      ]
    },
    {
      "mode": "managed",
      "type": "aws_elasticache_cluster",
      "name": "redis_cache",
      "provider": "provider[\"registry.terraform.io/hashicorp/aws\"]",
      "instances": [
        {
          "schema_version": 1,
          "attributes": {
            "id": "prod-cache-cluster",
            "cluster_id": "prod-cache-cluster",
            "engine": "redis",
            "engine_version": "7.0",
            "node_type": "cache.r6g.xlarge",
            "num_cache_nodes": 3,
            "auth_token": "Pr0dR3d1sP@ssw0rd",
            "endpoint": "prod-cache-cluster.abcdef.ng.0001.use1.cache.amazonaws.com"
          }
        }
      ]
    },
    {
      "mode": "managed",
      "type": "aws_eks_cluster",
      "name": "prod_cluster",
      "provider": "provider[\"registry.terraform.io/hashicorp/aws\"]",
      "instances": [
        {
          "schema_version": 0,
          "attributes": {
            "name": "prod-cluster",
            "arn": "arn:aws:eks:us-east-1:123456789012:cluster/prod-cluster",
            "endpoint": "https://prod-cluster-api.us-east-1.eks.amazonaws.com",
            "role_arn": "arn:aws:iam::123456789012:role/CoreAIProdEKSRole",
            "certificate_authority": {
              "data": "LS0tLS1CRUdJTiBDRVJUSUZJQ0FURS0tLS0tCk1JSUN2RENDQWNY..."
            }
          }
        }
      ]
    },
    {
      "mode": "managed",
      "type": "aws_s3_bucket",
      "name": "backups",
      "provider": "provider[\"registry.terraform.io/hashicorp/aws\"]",
      "instances": [
        {
          "schema_version": 0,
          "attributes": {
            "id": "coreai-prod-backups-2025",
            "bucket": "coreai-prod-backups-2025",
            "acl": "private",
            "versioning": {
              "enabled": true,
              "mfa_delete": false
            }
          }
        }
      ]
    }
  ]
}
